
Microsoft Visual Studio Solution File, Format Version 12.00
# Visual Studio Version 17
VisualStudioVersion = 17.1.32421.90
MinimumVisualStudioVersion = 10.0.40219.1
Project("{FAE04EC0-301F-11D3-BF4B-00C04F79EFBC}") = "scoi_L1", "scoi_L1\scoi_L1.csproj", "{45F85730-4726-4FE1-92FB-8B1F37F37662}"
EndProject
Global
	GlobalSection(SolutionConfigurationPlatforms) = preSolution
		Debug|Any CPU = Debug|Any CPU
		Release|Any CPU = Release|Any CPU
	EndGlobalSection
	GlobalSection(ProjectConfigurationPlatforms) = postSolution
		{45F85730-4726-4FE1-92FB-8B1F37F37662}.Debug|Any CPU.ActiveCfg = Debug|Any CPU
		{45F85730-4726-4FE1-92FB-8B1F37F37662}.Debug|Any CPU.Build.0 = Debug|Any CPU
		{45F85730-4726-4FE1-92FB-8B1F37F37662}.Release|Any CPU.ActiveCfg = Release|Any CPU
		{45F85730-4726-4FE1-92FB-8B1F37F37662}.Release|Any CPU.Build.0 = Release|Any CPU
	EndGlobalSection
	GlobalSection(SolutionProperties) = preSolution
		HideSolutionNode = FALSE
	EndGlobalSection
	GlobalSection(ExtensibilityGlobals) = postSolution
		SolutionGuid = {ABCD00D7-03F8-4746-A3A1-C5682CAFF8B8}
	EndGlobalSection
EndGlobal
